
Microsoft Visual Studio Solution File, Format Version 12.00
# Visual Studio Version 17
VisualStudioVersion = 17.5.33502.453
MinimumVisualStudioVersion = 10.0.40219.1
Project("{FAE04EC0-301F-11D3-BF4B-00C04F79EFBC}") = "hangvabien1", "ConsoleApp1\hangvabien1.csproj", "{84ADD1E4-2348-44E6-B0A4-F4B1F2FC310C}"
EndProject
Project("{FAE04EC0-301F-11D3-BF4B-00C04F79EFBC}") = "hangvabien2", "hangvabien2\hangvabien2.csproj", "{A471EB58-645C-442D-90F5-A9F59D4D520C}"
EndProject
Project("{FAE04EC0-301F-11D3-BF4B-00C04F79EFBC}") = "hangvabien3", "hangvabien3\hangvabien3.csproj", "{8522D9D3-FB4E-41F6-8B12-58393267F609}"
EndProject
Project("{FAE04EC0-301F-11D3-BF4B-00C04F79EFBC}") = "hangvabien4", "hangvabien4\hangvabien4.csproj", "{E027F826-FE6C-496E-A44D-C086AA3E0F1F}"
EndProject
Project("{FAE04EC0-301F-11D3-BF4B-00C04F79EFBC}") = "hangvabien5", "hangvabien5\hangvabien5.csproj", "{D40C1D2A-7568-45D1-8EF8-DD54EBABECD1}"
EndProject
Project("{FAE04EC0-301F-11D3-BF4B-00C04F79EFBC}") = "hangvabien6", "hangvabien6\hangvabien6.csproj", "{C2B5F993-910A-4E17-BA3B-BD870637B693}"
EndProject
Global
	GlobalSection(SolutionConfigurationPlatforms) = preSolution
		Debug|Any CPU = Debug|Any CPU
		Release|Any CPU = Release|Any CPU
	EndGlobalSection
	GlobalSection(ProjectConfigurationPlatforms) = postSolution
		{84ADD1E4-2348-44E6-B0A4-F4B1F2FC310C}.Debug|Any CPU.ActiveCfg = Debug|Any CPU
		{84ADD1E4-2348-44E6-B0A4-F4B1F2FC310C}.Debug|Any CPU.Build.0 = Debug|Any CPU
		{84ADD1E4-2348-44E6-B0A4-F4B1F2FC310C}.Release|Any CPU.ActiveCfg = Release|Any CPU
		{84ADD1E4-2348-44E6-B0A4-F4B1F2FC310C}.Release|Any CPU.Build.0 = Release|Any CPU
		{A471EB58-645C-442D-90F5-A9F59D4D520C}.Debug|Any CPU.ActiveCfg = Debug|Any CPU
		{A471EB58-645C-442D-90F5-A9F59D4D520C}.Debug|Any CPU.Build.0 = Debug|Any CPU
		{A471EB58-645C-442D-90F5-A9F59D4D520C}.Release|Any CPU.ActiveCfg = Release|Any CPU
		{A471EB58-645C-442D-90F5-A9F59D4D520C}.Release|Any CPU.Build.0 = Release|Any CPU
		{8522D9D3-FB4E-41F6-8B12-58393267F609}.Debug|Any CPU.ActiveCfg = Debug|Any CPU
		{8522D9D3-FB4E-41F6-8B12-58393267F609}.Debug|Any CPU.Build.0 = Debug|Any CPU
		{8522D9D3-FB4E-41F6-8B12-58393267F609}.Release|Any CPU.ActiveCfg = Release|Any CPU
		{8522D9D3-FB4E-41F6-8B12-58393267F609}.Release|Any CPU.Build.0 = Release|Any CPU
		{E027F826-FE6C-496E-A44D-C086AA3E0F1F}.Debug|Any CPU.ActiveCfg = Debug|Any CPU
		{E027F826-FE6C-496E-A44D-C086AA3E0F1F}.Debug|Any CPU.Build.0 = Debug|Any CPU
		{E027F826-FE6C-496E-A44D-C086AA3E0F1F}.Release|Any CPU.ActiveCfg = Release|Any CPU
		{E027F826-FE6C-496E-A44D-C086AA3E0F1F}.Release|Any CPU.Build.0 = Release|Any CPU
		{D40C1D2A-7568-45D1-8EF8-DD54EBABECD1}.Debug|Any CPU.ActiveCfg = Debug|Any CPU
		{D40C1D2A-7568-45D1-8EF8-DD54EBABECD1}.Debug|Any CPU.Build.0 = Debug|Any CPU
		{D40C1D2A-7568-45D1-8EF8-DD54EBABECD1}.Release|Any CPU.ActiveCfg = Release|Any CPU
		{D40C1D2A-7568-45D1-8EF8-DD54EBABECD1}.Release|Any CPU.Build.0 = Release|Any CPU
		{C2B5F993-910A-4E17-BA3B-BD870637B693}.Debug|Any CPU.ActiveCfg = Debug|Any CPU
		{C2B5F993-910A-4E17-BA3B-BD870637B693}.Debug|Any CPU.Build.0 = Debug|Any CPU
		{C2B5F993-910A-4E17-BA3B-BD870637B693}.Release|Any CPU.ActiveCfg = Release|Any CPU
		{C2B5F993-910A-4E17-BA3B-BD870637B693}.Release|Any CPU.Build.0 = Release|Any CPU
	EndGlobalSection
	GlobalSection(SolutionProperties) = preSolution
		HideSolutionNode = FALSE
	EndGlobalSection
	GlobalSection(ExtensibilityGlobals) = postSolution
		SolutionGuid = {84770ABB-B02B-474A-9C2D-141D67A024B5}
	EndGlobalSection
EndGlobal
